
Microsoft Visual Studio Solution File, Format Version 12.00
# Visual Studio 15
VisualStudioVersion = 15.0.28307.489
MinimumVisualStudioVersion = 10.0.40219.1
Project("{FAE04EC0-301F-11D3-BF4B-00C04F79EFBC}") = "HttpClientAPIConsumer", "HttpClient\HttpClientAPIConsumer.csproj", "{A972B848-566D-4A88-8E1B-72EE35BA5F1A}"
EndProject
Global
	GlobalSection(SolutionConfigurationPlatforms) = preSolution
		Debug|Any CPU = Debug|Any CPU
		Release|Any CPU = Release|Any CPU
	EndGlobalSection
	GlobalSection(ProjectConfigurationPlatforms) = postSolution
		{A972B848-566D-4A88-8E1B-72EE35BA5F1A}.Debug|Any CPU.ActiveCfg = Debug|Any CPU
		{A972B848-566D-4A88-8E1B-72EE35BA5F1A}.Debug|Any CPU.Build.0 = Debug|Any CPU
		{A972B848-566D-4A88-8E1B-72EE35BA5F1A}.Release|Any CPU.ActiveCfg = Release|Any CPU
		{A972B848-566D-4A88-8E1B-72EE35BA5F1A}.Release|Any CPU.Build.0 = Release|Any CPU
	EndGlobalSection
	GlobalSection(SolutionProperties) = preSolution
		HideSolutionNode = FALSE
	EndGlobalSection
	GlobalSection(ExtensibilityGlobals) = postSolution
		SolutionGuid = {E42FF7E7-2DE1-4E0A-A8BF-34CDDD2EBEC6}
	EndGlobalSection
EndGlobal
