
Microsoft Visual Studio Solution File, Format Version 12.00
# Visual Studio Version 16
VisualStudioVersion = 16.0.29411.108
MinimumVisualStudioVersion = 10.0.40219.1
Project("{FAE04EC0-301F-11D3-BF4B-00C04F79EFBC}") = "PluginApp", "PluginApp\PluginApp.csproj", "{6A1C0885-522E-4143-90FB-AB5C62403A22}"
EndProject
Project("{FAE04EC0-301F-11D3-BF4B-00C04F79EFBC}") = "PrintPlugin", "PrintPlugin\PrintPlugin.csproj", "{115C10B3-A468-41EE-AA6B-69FB695BA363}"
EndProject
Project("{FAE04EC0-301F-11D3-BF4B-00C04F79EFBC}") = "PluginShared", "PluginShared\PluginShared.csproj", "{15441F43-E07A-420B-8D53-F8EBE223D6D0}"
EndProject
Global
	GlobalSection(SolutionConfigurationPlatforms) = preSolution
		Debug|Any CPU = Debug|Any CPU
		Release|Any CPU = Release|Any CPU
	EndGlobalSection
	GlobalSection(ProjectConfigurationPlatforms) = postSolution
		{6A1C0885-522E-4143-90FB-AB5C62403A22}.Debug|Any CPU.ActiveCfg = Debug|Any CPU
		{6A1C0885-522E-4143-90FB-AB5C62403A22}.Debug|Any CPU.Build.0 = Debug|Any CPU
		{6A1C0885-522E-4143-90FB-AB5C62403A22}.Release|Any CPU.ActiveCfg = Release|Any CPU
		{6A1C0885-522E-4143-90FB-AB5C62403A22}.Release|Any CPU.Build.0 = Release|Any CPU
		{115C10B3-A468-41EE-AA6B-69FB695BA363}.Debug|Any CPU.ActiveCfg = Debug|Any CPU
		{115C10B3-A468-41EE-AA6B-69FB695BA363}.Debug|Any CPU.Build.0 = Debug|Any CPU
		{115C10B3-A468-41EE-AA6B-69FB695BA363}.Release|Any CPU.ActiveCfg = Release|Any CPU
		{115C10B3-A468-41EE-AA6B-69FB695BA363}.Release|Any CPU.Build.0 = Release|Any CPU
		{15441F43-E07A-420B-8D53-F8EBE223D6D0}.Debug|Any CPU.ActiveCfg = Debug|Any CPU
		{15441F43-E07A-420B-8D53-F8EBE223D6D0}.Debug|Any CPU.Build.0 = Debug|Any CPU
		{15441F43-E07A-420B-8D53-F8EBE223D6D0}.Release|Any CPU.ActiveCfg = Release|Any CPU
		{15441F43-E07A-420B-8D53-F8EBE223D6D0}.Release|Any CPU.Build.0 = Release|Any CPU
	EndGlobalSection
	GlobalSection(SolutionProperties) = preSolution
		HideSolutionNode = FALSE
	EndGlobalSection
	GlobalSection(ExtensibilityGlobals) = postSolution
		SolutionGuid = {E574147D-837D-4C3C-8B21-95B977E9CFBF}
	EndGlobalSection
EndGlobal
