
Microsoft Visual Studio Solution File, Format Version 12.00
# Visual Studio 15
VisualStudioVersion = 15.0.27428.2037
MinimumVisualStudioVersion = 10.0.40219.1
Project("{FAE04EC0-301F-11D3-BF4B-00C04F79EFBC}") = "WindowsForms-Tic-tac-toe", "WindowsForms-Tic-tac-toe\WindowsForms-Tic-tac-toe.csproj", "{76C14FF2-19A6-4FF8-B584-AEA305F67D01}"
EndProject
Global
	GlobalSection(SolutionConfigurationPlatforms) = preSolution
		Debug|Any CPU = Debug|Any CPU
		Release|Any CPU = Release|Any CPU
	EndGlobalSection
	GlobalSection(ProjectConfigurationPlatforms) = postSolution
		{76C14FF2-19A6-4FF8-B584-AEA305F67D01}.Debug|Any CPU.ActiveCfg = Debug|Any CPU
		{76C14FF2-19A6-4FF8-B584-AEA305F67D01}.Debug|Any CPU.Build.0 = Debug|Any CPU
		{76C14FF2-19A6-4FF8-B584-AEA305F67D01}.Release|Any CPU.ActiveCfg = Release|Any CPU
		{76C14FF2-19A6-4FF8-B584-AEA305F67D01}.Release|Any CPU.Build.0 = Release|Any CPU
	EndGlobalSection
	GlobalSection(SolutionProperties) = preSolution
		HideSolutionNode = FALSE
	EndGlobalSection
	GlobalSection(ExtensibilityGlobals) = postSolution
		SolutionGuid = {812D7C68-3CEA-487F-83FA-D7A9648C395C}
	EndGlobalSection
EndGlobal
