
Microsoft Visual Studio Solution File, Format Version 12.00
# Visual Studio 15
VisualStudioVersion = 15.0.26430.14
MinimumVisualStudioVersion = 10.0.40219.1
Project("{FAE04EC0-301F-11D3-BF4B-00C04F79EFBC}") = "EntityFramework-CodeFirstNewDatabaseSample", "EntityFramework-CodeFirstNewDatabaseSample\EntityFramework-CodeFirstNewDatabaseSample.csproj", "{52BF654A-8EB3-4714-8FE6-14C1511B105E}"
EndProject
Global
	GlobalSection(SolutionConfigurationPlatforms) = preSolution
		Debug|Any CPU = Debug|Any CPU
		Release|Any CPU = Release|Any CPU
	EndGlobalSection
	GlobalSection(ProjectConfigurationPlatforms) = postSolution
		{52BF654A-8EB3-4714-8FE6-14C1511B105E}.Debug|Any CPU.ActiveCfg = Debug|Any CPU
		{52BF654A-8EB3-4714-8FE6-14C1511B105E}.Debug|Any CPU.Build.0 = Debug|Any CPU
		{52BF654A-8EB3-4714-8FE6-14C1511B105E}.Release|Any CPU.ActiveCfg = Release|Any CPU
		{52BF654A-8EB3-4714-8FE6-14C1511B105E}.Release|Any CPU.Build.0 = Release|Any CPU
	EndGlobalSection
	GlobalSection(SolutionProperties) = preSolution
		HideSolutionNode = FALSE
	EndGlobalSection
EndGlobal
